
Microsoft Visual Studio Solution File, Format Version 12.00
# Visual Studio 14
VisualStudioVersion = 14.0.25420.1
MinimumVisualStudioVersion = 10.0.40219.1
Project("{FAE04EC0-301F-11D3-BF4B-00C04F79EFBC}") = "DrogsMotors", "DrogsMotors\DrogsMotors.csproj", "{22A2E56D-2739-4DAE-BEF2-3A05C98DEA25}"
EndProject
Global
	GlobalSection(SolutionConfigurationPlatforms) = preSolution
		Debug|Any CPU = Debug|Any CPU
		Release|Any CPU = Release|Any CPU
	EndGlobalSection
	GlobalSection(ProjectConfigurationPlatforms) = postSolution
		{22A2E56D-2739-4DAE-BEF2-3A05C98DEA25}.Debug|Any CPU.ActiveCfg = Debug|Any CPU
		{22A2E56D-2739-4DAE-BEF2-3A05C98DEA25}.Debug|Any CPU.Build.0 = Debug|Any CPU
		{22A2E56D-2739-4DAE-BEF2-3A05C98DEA25}.Release|Any CPU.ActiveCfg = Release|Any CPU
		{22A2E56D-2739-4DAE-BEF2-3A05C98DEA25}.Release|Any CPU.Build.0 = Release|Any CPU
	EndGlobalSection
	GlobalSection(SolutionProperties) = preSolution
		HideSolutionNode = FALSE
	EndGlobalSection
	GlobalSection(ExtensibilityGlobals) = postSolution
		SolutionGuid = {74130B9F-A8AA-4931-8A57-5625D24AABD6}
	EndGlobalSection
EndGlobal
